
Microsoft Visual Studio Solution File, Format Version 12.00
# Visual Studio Version 17
VisualStudioVersion = 17.13.36105.23 d17.13
MinimumVisualStudioVersion = 10.0.40219.1
Project("{FAE04EC0-301F-11D3-BF4B-00C04F79EFBC}") = "MoonEngine3d", "MoonEngine3d.csproj", "{63FC0972-4A2E-4607-B567-29F19A22CE03}"
EndProject
Global
	GlobalSection(SolutionConfigurationPlatforms) = preSolution
		Debug|Any CPU = Debug|Any CPU
		Release|Any CPU = Release|Any CPU
	EndGlobalSection
	GlobalSection(ProjectConfigurationPlatforms) = postSolution
		{63FC0972-4A2E-4607-B567-29F19A22CE03}.Debug|Any CPU.ActiveCfg = Debug|Any CPU
		{63FC0972-4A2E-4607-B567-29F19A22CE03}.Debug|Any CPU.Build.0 = Debug|Any CPU
		{63FC0972-4A2E-4607-B567-29F19A22CE03}.Release|Any CPU.ActiveCfg = Release|Any CPU
		{63FC0972-4A2E-4607-B567-29F19A22CE03}.Release|Any CPU.Build.0 = Release|Any CPU
	EndGlobalSection
	GlobalSection(SolutionProperties) = preSolution
		HideSolutionNode = FALSE
	EndGlobalSection
	GlobalSection(ExtensibilityGlobals) = postSolution
		SolutionGuid = {AB2ABB4D-3A3D-4F92-8FC6-4F4774299219}
	EndGlobalSection
EndGlobal
